github.com/aws/aws-cdk-go/awscdk/v2 v2.117.0/go.mod h1:0/6yeUWiya0tE/SKKJ++VkhP/M9QxTBjIb2ZHnLZOH8=
github.com/aws/aws-lambda-go v1.47.0 h1:0H8s0vumYx/YKs4sE7YM0ktwL2eWse+kfopsRI1sXVI=
github.com/aws/aws-lambda-go v1.47.0/go.mod h1:dpMpZgvWx5vuQJfBt0zqBha60q7Dd7RfgJv23DymV8A=
github.com/aws/constructs-go/constructs/v10 v10.3.0/go.mod h1:GgzwIwoRJ2UYsr3SU+JhAl+gq5j39bEMYf8ev3J+s9s=
github.com/aws/jsii-runtime-go v1.93.0/go.mod h1:D7yFSwtXpTMqVB3c5IHQ1Z42p+pgkTkU7FqKBll33Sk=
